
Microsoft Visual Studio Solution File, Format Version 11.00
# Visual Studio 2010
Project("{FAE04EC0-301F-11D3-BF4B-00C04F79EFBC}") = "code_kata", "code_kata.csproj", "{58718776-CFE8-4F47-A289-F6969700DE40}"
EndProject
Project("{FAE04EC0-301F-11D3-BF4B-00C04F79EFBC}") = "ConsoleApplication1", "..\ConsoleApplication1\ConsoleApplication1.csproj", "{5A886596-5D84-43F8-BFE7-F343A50B3968}"
EndProject
Global
	GlobalSection(SolutionConfigurationPlatforms) = preSolution
		Debug|x86 = Debug|x86
		Release|x86 = Release|x86
	EndGlobalSection
	GlobalSection(ProjectConfigurationPlatforms) = postSolution
		{58718776-CFE8-4F47-A289-F6969700DE40}.Debug|x86.ActiveCfg = Debug|x86
		{58718776-CFE8-4F47-A289-F6969700DE40}.Debug|x86.Build.0 = Debug|x86
		{58718776-CFE8-4F47-A289-F6969700DE40}.Release|x86.ActiveCfg = Release|x86
		{58718776-CFE8-4F47-A289-F6969700DE40}.Release|x86.Build.0 = Release|x86
		{5A886596-5D84-43F8-BFE7-F343A50B3968}.Debug|x86.ActiveCfg = Debug|x86
		{5A886596-5D84-43F8-BFE7-F343A50B3968}.Debug|x86.Build.0 = Debug|x86
		{5A886596-5D84-43F8-BFE7-F343A50B3968}.Release|x86.ActiveCfg = Release|x86
		{5A886596-5D84-43F8-BFE7-F343A50B3968}.Release|x86.Build.0 = Release|x86
	EndGlobalSection
	GlobalSection(SolutionProperties) = preSolution
		HideSolutionNode = FALSE
	EndGlobalSection
EndGlobal
